
Microsoft Visual Studio Solution File, Format Version 12.00
# Visual Studio Version 17
VisualStudioVersion = 17.3.32901.215
MinimumVisualStudioVersion = 10.0.40219.1
Project("{FAE04EC0-301F-11D3-BF4B-00C04F79EFBC}") = "uygulama3", "uygulama3\uygulama3.csproj", "{935DD2B8-343F-4BFE-9EE7-11941C73CD30}"
EndProject
Global
	GlobalSection(SolutionConfigurationPlatforms) = preSolution
		Debug|Any CPU = Debug|Any CPU
		Release|Any CPU = Release|Any CPU
	EndGlobalSection
	GlobalSection(ProjectConfigurationPlatforms) = postSolution
		{935DD2B8-343F-4BFE-9EE7-11941C73CD30}.Debug|Any CPU.ActiveCfg = Debug|Any CPU
		{935DD2B8-343F-4BFE-9EE7-11941C73CD30}.Debug|Any CPU.Build.0 = Debug|Any CPU
		{935DD2B8-343F-4BFE-9EE7-11941C73CD30}.Release|Any CPU.ActiveCfg = Release|Any CPU
		{935DD2B8-343F-4BFE-9EE7-11941C73CD30}.Release|Any CPU.Build.0 = Release|Any CPU
	EndGlobalSection
	GlobalSection(SolutionProperties) = preSolution
		HideSolutionNode = FALSE
	EndGlobalSection
	GlobalSection(ExtensibilityGlobals) = postSolution
		SolutionGuid = {4068948F-4781-413D-9AD1-A3A3552A8638}
	EndGlobalSection
EndGlobal
